
Microsoft Visual Studio Solution File, Format Version 12.00
# Visual Studio Version 16
VisualStudioVersion = 16.0.29806.167
MinimumVisualStudioVersion = 10.0.40219.1
Project("{2150E333-8FDC-42A3-9474-1A3956D46DE8}") = "BLL", "BLL", "{1725958C-64AE-4188-A1FF-6B0D8FA8588B}"
EndProject
Project("{2150E333-8FDC-42A3-9474-1A3956D46DE8}") = "PL", "PL", "{E2FF3929-CF13-464E-90DE-B1592CBBCABF}"
EndProject
Project("{FAE04EC0-301F-11D3-BF4B-00C04F79EFBC}") = "BarberShop.WindowFormPL", "BarberShop.WindowFormPL\BarberShop.WindowFormPL.csproj", "{B2245F1A-325F-4B08-9A29-E47C734367EA}"
EndProject
Project("{2150E333-8FDC-42A3-9474-1A3956D46DE8}") = "DAL", "DAL", "{EC5420AB-8E76-4097-B0DA-C12EB0928E2E}"
EndProject
Project("{FAE04EC0-301F-11D3-BF4B-00C04F79EFBC}") = "BarberShop.BLL", "BarberShop.BLL\BarberShop.BLL.csproj", "{28AD3BA0-538D-4591-817C-346F86B64DEE}"
EndProject
Project("{2150E333-8FDC-42A3-9474-1A3956D46DE8}") = "Common", "Common", "{27D948AB-82E3-43D9-88C9-CAF2BE559D0F}"
EndProject
Project("{FAE04EC0-301F-11D3-BF4B-00C04F79EFBC}") = "BarberShop.Common", "BarberShop.Common\BarberShop.Common.csproj", "{FABF2701-2E06-4B95-B941-928915D116FE}"
EndProject
Project("{FAE04EC0-301F-11D3-BF4B-00C04F79EFBC}") = "BarberShop.Entities", "BarberShop.Entities\BarberShop.Entities.csproj", "{35B274BF-0A5B-454D-A0A5-A085B06A4C2B}"
EndProject
Project("{FAE04EC0-301F-11D3-BF4B-00C04F79EFBC}") = "BarberShop.DAL", "BarberShop.DAL\BarberShop.DAL.csproj", "{D1F5AD25-AAC3-4EEB-B2EF-7465D01C119C}"
EndProject
Project("{FAE04EC0-301F-11D3-BF4B-00C04F79EFBC}") = "BarberShop.DAL.Interface", "BarberShop.DAL.Interface\BarberShop.DAL.Interface.csproj", "{677D55FA-546E-4416-B9C7-06506FFC831C}"
EndProject
Project("{FAE04EC0-301F-11D3-BF4B-00C04F79EFBC}") = "BarderShop.BLL.Interface", "BarderShop.BLL\BarderShop.BLL.Interface.csproj", "{05FF5257-D948-480A-B21D-BB36C565CA87}"
EndProject
Project("{FAE04EC0-301F-11D3-BF4B-00C04F79EFBC}") = "BarberShop.ConsolePL", "BarberShop.ConsolePL\BarberShop.ConsolePL.csproj", "{73D3B887-44FD-4A49-A969-D997C48F2FB9}"
EndProject
Global
	GlobalSection(SolutionConfigurationPlatforms) = preSolution
		Debug|Any CPU = Debug|Any CPU
		Release|Any CPU = Release|Any CPU
	EndGlobalSection
	GlobalSection(ProjectConfigurationPlatforms) = postSolution
		{B2245F1A-325F-4B08-9A29-E47C734367EA}.Debug|Any CPU.ActiveCfg = Debug|Any CPU
		{B2245F1A-325F-4B08-9A29-E47C734367EA}.Debug|Any CPU.Build.0 = Debug|Any CPU
		{B2245F1A-325F-4B08-9A29-E47C734367EA}.Release|Any CPU.ActiveCfg = Release|Any CPU
		{B2245F1A-325F-4B08-9A29-E47C734367EA}.Release|Any CPU.Build.0 = Release|Any CPU
		{28AD3BA0-538D-4591-817C-346F86B64DEE}.Debug|Any CPU.ActiveCfg = Debug|Any CPU
		{28AD3BA0-538D-4591-817C-346F86B64DEE}.Debug|Any CPU.Build.0 = Debug|Any CPU
		{28AD3BA0-538D-4591-817C-346F86B64DEE}.Release|Any CPU.ActiveCfg = Release|Any CPU
		{28AD3BA0-538D-4591-817C-346F86B64DEE}.Release|Any CPU.Build.0 = Release|Any CPU
		{FABF2701-2E06-4B95-B941-928915D116FE}.Debug|Any CPU.ActiveCfg = Debug|Any CPU
		{FABF2701-2E06-4B95-B941-928915D116FE}.Debug|Any CPU.Build.0 = Debug|Any CPU
		{FABF2701-2E06-4B95-B941-928915D116FE}.Release|Any CPU.ActiveCfg = Release|Any CPU
		{FABF2701-2E06-4B95-B941-928915D116FE}.Release|Any CPU.Build.0 = Release|Any CPU
		{35B274BF-0A5B-454D-A0A5-A085B06A4C2B}.Debug|Any CPU.ActiveCfg = Debug|Any CPU
		{35B274BF-0A5B-454D-A0A5-A085B06A4C2B}.Debug|Any CPU.Build.0 = Debug|Any CPU
		{35B274BF-0A5B-454D-A0A5-A085B06A4C2B}.Release|Any CPU.ActiveCfg = Release|Any CPU
		{35B274BF-0A5B-454D-A0A5-A085B06A4C2B}.Release|Any CPU.Build.0 = Release|Any CPU
		{D1F5AD25-AAC3-4EEB-B2EF-7465D01C119C}.Debug|Any CPU.ActiveCfg = Debug|Any CPU
		{D1F5AD25-AAC3-4EEB-B2EF-7465D01C119C}.Debug|Any CPU.Build.0 = Debug|Any CPU
		{D1F5AD25-AAC3-4EEB-B2EF-7465D01C119C}.Release|Any CPU.ActiveCfg = Release|Any CPU
		{D1F5AD25-AAC3-4EEB-B2EF-7465D01C119C}.Release|Any CPU.Build.0 = Release|Any CPU
		{677D55FA-546E-4416-B9C7-06506FFC831C}.Debug|Any CPU.ActiveCfg = Debug|Any CPU
		{677D55FA-546E-4416-B9C7-06506FFC831C}.Debug|Any CPU.Build.0 = Debug|Any CPU
		{677D55FA-546E-4416-B9C7-06506FFC831C}.Release|Any CPU.ActiveCfg = Release|Any CPU
		{677D55FA-546E-4416-B9C7-06506FFC831C}.Release|Any CPU.Build.0 = Release|Any CPU
		{05FF5257-D948-480A-B21D-BB36C565CA87}.Debug|Any CPU.ActiveCfg = Debug|Any CPU
		{05FF5257-D948-480A-B21D-BB36C565CA87}.Debug|Any CPU.Build.0 = Debug|Any CPU
		{05FF5257-D948-480A-B21D-BB36C565CA87}.Release|Any CPU.ActiveCfg = Release|Any CPU
		{05FF5257-D948-480A-B21D-BB36C565CA87}.Release|Any CPU.Build.0 = Release|Any CPU
		{73D3B887-44FD-4A49-A969-D997C48F2FB9}.Debug|Any CPU.ActiveCfg = Debug|Any CPU
		{73D3B887-44FD-4A49-A969-D997C48F2FB9}.Debug|Any CPU.Build.0 = Debug|Any CPU
		{73D3B887-44FD-4A49-A969-D997C48F2FB9}.Release|Any CPU.ActiveCfg = Release|Any CPU
		{73D3B887-44FD-4A49-A969-D997C48F2FB9}.Release|Any CPU.Build.0 = Release|Any CPU
	EndGlobalSection
	GlobalSection(SolutionProperties) = preSolution
		HideSolutionNode = FALSE
	EndGlobalSection
	GlobalSection(NestedProjects) = preSolution
		{B2245F1A-325F-4B08-9A29-E47C734367EA} = {E2FF3929-CF13-464E-90DE-B1592CBBCABF}
		{28AD3BA0-538D-4591-817C-346F86B64DEE} = {1725958C-64AE-4188-A1FF-6B0D8FA8588B}
		{FABF2701-2E06-4B95-B941-928915D116FE} = {27D948AB-82E3-43D9-88C9-CAF2BE559D0F}
		{35B274BF-0A5B-454D-A0A5-A085B06A4C2B} = {27D948AB-82E3-43D9-88C9-CAF2BE559D0F}
		{D1F5AD25-AAC3-4EEB-B2EF-7465D01C119C} = {EC5420AB-8E76-4097-B0DA-C12EB0928E2E}
		{677D55FA-546E-4416-B9C7-06506FFC831C} = {EC5420AB-8E76-4097-B0DA-C12EB0928E2E}
		{05FF5257-D948-480A-B21D-BB36C565CA87} = {1725958C-64AE-4188-A1FF-6B0D8FA8588B}
		{73D3B887-44FD-4A49-A969-D997C48F2FB9} = {E2FF3929-CF13-464E-90DE-B1592CBBCABF}
	EndGlobalSection
	GlobalSection(ExtensibilityGlobals) = postSolution
		SolutionGuid = {F829BB7E-F051-48C2-9D61-D196734ADBA5}
	EndGlobalSection
EndGlobal
